
Microsoft Visual Studio Solution File, Format Version 12.00
# Visual Studio Version 17
VisualStudioVersion = 17.5.33516.290
MinimumVisualStudioVersion = 10.0.40219.1
Project("{FAE04EC0-301F-11D3-BF4B-00C04F79EFBC}") = "Ativ-ContaBancaria", "Ativ-ContaBancaria\Ativ-ContaBancaria.csproj", "{FC27D713-5B5C-4A67-A55D-EAF2ED5D6E83}"
EndProject
Global
	GlobalSection(SolutionConfigurationPlatforms) = preSolution
		Debug|Any CPU = Debug|Any CPU
		Release|Any CPU = Release|Any CPU
	EndGlobalSection
	GlobalSection(ProjectConfigurationPlatforms) = postSolution
		{FC27D713-5B5C-4A67-A55D-EAF2ED5D6E83}.Debug|Any CPU.ActiveCfg = Debug|Any CPU
		{FC27D713-5B5C-4A67-A55D-EAF2ED5D6E83}.Debug|Any CPU.Build.0 = Debug|Any CPU
		{FC27D713-5B5C-4A67-A55D-EAF2ED5D6E83}.Release|Any CPU.ActiveCfg = Release|Any CPU
		{FC27D713-5B5C-4A67-A55D-EAF2ED5D6E83}.Release|Any CPU.Build.0 = Release|Any CPU
	EndGlobalSection
	GlobalSection(SolutionProperties) = preSolution
		HideSolutionNode = FALSE
	EndGlobalSection
	GlobalSection(ExtensibilityGlobals) = postSolution
		SolutionGuid = {233742AA-B137-4387-B889-2DE3CBAD20F7}
	EndGlobalSection
EndGlobal
